
Microsoft Visual Studio Solution File, Format Version 12.00
# Visual Studio Version 16
VisualStudioVersion = 16.0.31105.61
MinimumVisualStudioVersion = 10.0.40219.1
Project("{9A19103F-16F7-4668-BE54-9A1E7A4F7556}") = "Ratcow.TaskHelper", "Ratcow.TaskHelper\Ratcow.TaskHelper.csproj", "{CD905E65-4D81-4DCD-ADF8-6BAA190872A8}"
EndProject
Project("{FAE04EC0-301F-11D3-BF4B-00C04F79EFBC}") = "Ratcow.TaskHelper.Tests", "Ratcow.TaskHelper.Tests\Ratcow.TaskHelper.Tests.csproj", "{B858F174-87A1-47E8-835F-DFBB49030873}"
EndProject
Project("{2150E333-8FDC-42A3-9474-1A3956D46DE8}") = "Files", "Files", "{1684868C-8702-42AA-9E30-C1B07D02169C}"
	ProjectSection(SolutionItems) = preProject
		LICENSE = LICENSE
		README.md = README.md
	EndProjectSection
EndProject
Global
	GlobalSection(SolutionConfigurationPlatforms) = preSolution
		Debug|Any CPU = Debug|Any CPU
		Release|Any CPU = Release|Any CPU
	EndGlobalSection
	GlobalSection(ProjectConfigurationPlatforms) = postSolution
		{CD905E65-4D81-4DCD-ADF8-6BAA190872A8}.Debug|Any CPU.ActiveCfg = Debug|Any CPU
		{CD905E65-4D81-4DCD-ADF8-6BAA190872A8}.Debug|Any CPU.Build.0 = Debug|Any CPU
		{CD905E65-4D81-4DCD-ADF8-6BAA190872A8}.Release|Any CPU.ActiveCfg = Release|Any CPU
		{CD905E65-4D81-4DCD-ADF8-6BAA190872A8}.Release|Any CPU.Build.0 = Release|Any CPU
		{B858F174-87A1-47E8-835F-DFBB49030873}.Debug|Any CPU.ActiveCfg = Debug|Any CPU
		{B858F174-87A1-47E8-835F-DFBB49030873}.Debug|Any CPU.Build.0 = Debug|Any CPU
		{B858F174-87A1-47E8-835F-DFBB49030873}.Release|Any CPU.ActiveCfg = Release|Any CPU
		{B858F174-87A1-47E8-835F-DFBB49030873}.Release|Any CPU.Build.0 = Release|Any CPU
	EndGlobalSection
	GlobalSection(SolutionProperties) = preSolution
		HideSolutionNode = FALSE
	EndGlobalSection
	GlobalSection(ExtensibilityGlobals) = postSolution
		SolutionGuid = {9306098B-29AD-47A1-A4EB-29C02A000CE4}
	EndGlobalSection
EndGlobal
